
Microsoft Visual Studio Solution File, Format Version 12.00
# Visual Studio Version 16
VisualStudioVersion = 16.0.30611.23
MinimumVisualStudioVersion = 10.0.40219.1
Project("{FAE04EC0-301F-11D3-BF4B-00C04F79EFBC}") = "Polyjson", "Polyjson\Polyjson.csproj", "{32078617-4507-446C-922E-58D2F3FBDB58}"
EndProject
Global
	GlobalSection(SolutionConfigurationPlatforms) = preSolution
		Debug|Any CPU = Debug|Any CPU
		Release|Any CPU = Release|Any CPU
	EndGlobalSection
	GlobalSection(ProjectConfigurationPlatforms) = postSolution
		{32078617-4507-446C-922E-58D2F3FBDB58}.Debug|Any CPU.ActiveCfg = Debug|Any CPU
		{32078617-4507-446C-922E-58D2F3FBDB58}.Debug|Any CPU.Build.0 = Debug|Any CPU
		{32078617-4507-446C-922E-58D2F3FBDB58}.Release|Any CPU.ActiveCfg = Release|Any CPU
		{32078617-4507-446C-922E-58D2F3FBDB58}.Release|Any CPU.Build.0 = Release|Any CPU
	EndGlobalSection
	GlobalSection(SolutionProperties) = preSolution
		HideSolutionNode = FALSE
	EndGlobalSection
	GlobalSection(ExtensibilityGlobals) = postSolution
		SolutionGuid = {C07EB765-B425-42EF-9A04-5FE39ABA6C2B}
	EndGlobalSection
EndGlobal
